
Microsoft Visual Studio Solution File, Format Version 12.00
# Visual Studio Version 16
VisualStudioVersion = 16.0.31613.86
MinimumVisualStudioVersion = 10.0.40219.1
Project("{FAE04EC0-301F-11D3-BF4B-00C04F79EFBC}") = "RuntimeLicense", "RuntimeLicense.csproj", "{EC3A5AD1-147E-4EFB-9D49-2E746F0C93E2}"
EndProject
Global
	GlobalSection(SolutionConfigurationPlatforms) = preSolution
		Debug|Any CPU = Debug|Any CPU
		Release|Any CPU = Release|Any CPU
	EndGlobalSection
	GlobalSection(ProjectConfigurationPlatforms) = postSolution
		{EC3A5AD1-147E-4EFB-9D49-2E746F0C93E2}.Debug|Any CPU.ActiveCfg = Debug|Any CPU
		{EC3A5AD1-147E-4EFB-9D49-2E746F0C93E2}.Debug|Any CPU.Build.0 = Debug|Any CPU
		{EC3A5AD1-147E-4EFB-9D49-2E746F0C93E2}.Release|Any CPU.ActiveCfg = Release|Any CPU
		{EC3A5AD1-147E-4EFB-9D49-2E746F0C93E2}.Release|Any CPU.Build.0 = Release|Any CPU
	EndGlobalSection
	GlobalSection(SolutionProperties) = preSolution
		HideSolutionNode = FALSE
	EndGlobalSection
	GlobalSection(ExtensibilityGlobals) = postSolution
		SolutionGuid = {AFEAFF3D-4D04-41A9-812A-DA61A0E933D3}
	EndGlobalSection
EndGlobal
